{
  "lockfile_version": "1",
  "packages": {
    "go@1.23": {
      "last_modified": "2024-11-28T07:51:56Z",
      "resolved": "github:NixOS/nixpkgs/226216574ada4c3ecefcbbec41f39ce4655f78ef#go",
      "source": "devbox-search",
      "version": "1.23.3",
      "systems": {
        "aarch64-darwin": {
          "outputs": [
            {
              "name": "out",
              "path": "/nix/store/qrj2wp6vzfpjfrrlcmr22818zg83fb73-go-1.23.3",
              "default": true
            }
          ],
          "store_path": "/nix/store/qrj2wp6vzfpjfrrlcmr22818zg83fb73-go-1.23.3"
        },
        "aarch64-linux": {
          "outputs": [
            {
              "name": "out",
              "path": "/nix/store/dm66qyl19skrwcmk4rb9xcs64xc1d071-go-1.23.3",
              "default": true
            }
          ],
          "store_path": "/nix/store/dm66qyl19skrwcmk4rb9xcs64xc1d071-go-1.23.3"
        },
        "x86_64-darwin": {
          "outputs": [
            {
              "name": "out",
              "path": "/nix/store/alkrwr7w62qp3160q0azcvnyn0184hw3-go-1.23.3",
              "default": true
            }
          ],
          "store_path": "/nix/store/alkrwr7w62qp3160q0azcvnyn0184hw3-go-1.23.3"
        },
        "x86_64-linux": {
          "outputs": [
            {
              "name": "out",
              "path": "/nix/store/bavnchxi7v6xs077jxv7fl5rrqc3y87w-go-1.23.3",
              "default": true
            }
          ],
          "store_path": "/nix/store/bavnchxi7v6xs077jxv7fl5rrqc3y87w-go-1.23.3"
        }
      }
    },
    "golangci-lint@1.62": {
      "last_modified": "2024-11-28T07:51:56Z",
      "resolved": "github:NixOS/nixpkgs/226216574ada4c3ecefcbbec41f39ce4655f78ef#golangci-lint",
      "source": "devbox-search",
      "version": "1.62.2",
      "systems": {
        "aarch64-darwin": {
          "outputs": [
            {
              "name": "out",
              "path": "/nix/store/yp07jnqgrbnvdibqz1m2i1fgj30vhd2b-golangci-lint-1.62.2",
              "default": true
            }
          ],
          "store_path": "/nix/store/yp07jnqgrbnvdibqz1m2i1fgj30vhd2b-golangci-lint-1.62.2"
        },
        "aarch64-linux": {
          "outputs": [
            {
              "name": "out",
              "path": "/nix/store/yhbwyqm5j5f4vkn24gn1vrawrr3s5psa-golangci-lint-1.62.2",
              "default": true
            }
          ],
          "store_path": "/nix/store/yhbwyqm5j5f4vkn24gn1vrawrr3s5psa-golangci-lint-1.62.2"
        },
        "x86_64-darwin": {
          "outputs": [
            {
              "name": "out",
              "path": "/nix/store/jprm9rxb82f25jh0vgyvzi6s9aw34dys-golangci-lint-1.62.2",
              "default": true
            }
          ],
          "store_path": "/nix/store/jprm9rxb82f25jh0vgyvzi6s9aw34dys-golangci-lint-1.62.2"
        },
        "x86_64-linux": {
          "outputs": [
            {
              "name": "out",
              "path": "/nix/store/gr55w2x6wrzdvhhbzm4wc28cs4k7g7vr-golangci-lint-1.62.2",
              "default": true
            }
          ],
          "store_path": "/nix/store/gr55w2x6wrzdvhhbzm4wc28cs4k7g7vr-golangci-lint-1.62.2"
        }
      }
    },
    "gum@0.14.5": {
      "last_modified": "2024-11-28T07:51:56Z",
      "resolved": "github:NixOS/nixpkgs/226216574ada4c3ecefcbbec41f39ce4655f78ef#gum",
      "source": "devbox-search",
      "version": "0.14.5",
      "systems": {
        "aarch64-darwin": {
          "outputs": [
            {
              "name": "out",
              "path": "/nix/store/2kh20kzsh8p9b045janwracxwh43zzcf-gum-0.14.5",
              "default": true
            }
          ],
          "store_path": "/nix/store/2kh20kzsh8p9b045janwracxwh43zzcf-gum-0.14.5"
        },
        "aarch64-linux": {
          "outputs": [
            {
              "name": "out",
              "path": "/nix/store/3ick2j8z9jgkk3cyc1ik4zkbs3m4583n-gum-0.14.5",
              "default": true
            }
          ],
          "store_path": "/nix/store/3ick2j8z9jgkk3cyc1ik4zkbs3m4583n-gum-0.14.5"
        },
        "x86_64-darwin": {
          "outputs": [
            {
              "name": "out",
              "path": "/nix/store/652lcsz1jind3y4dbg4vnfas6fvhblf9-gum-0.14.5",
              "default": true
            }
          ],
          "store_path": "/nix/store/652lcsz1jind3y4dbg4vnfas6fvhblf9-gum-0.14.5"
        },
        "x86_64-linux": {
          "outputs": [
            {
              "name": "out",
              "path": "/nix/store/1bnivwijzrnzx5h0hd5rywwy8rlhxmw5-gum-0.14.5",
              "default": true
            }
          ],
          "store_path": "/nix/store/1bnivwijzrnzx5h0hd5rywwy8rlhxmw5-gum-0.14.5"
        }
      }
    }
  }
}
